
Microsoft Visual Studio Solution File, Format Version 12.00
# Visual Studio Version 17
VisualStudioVersion = 17.14.36603.0 d17.14
MinimumVisualStudioVersion = 10.0.40219.1
Project("{FAE04EC0-301F-11D3-BF4B-00C04F79EFBC}") = "TENPAGESFKINGSHIT", "10PAGESFKINGSHIT\TENPAGESFKINGSHIT.csproj", "{15FF2585-9C31-43A1-BF05-AA7606A1669B}"
EndProject
Global
	GlobalSection(SolutionConfigurationPlatforms) = preSolution
		Debug|Any CPU = Debug|Any CPU
		Release|Any CPU = Release|Any CPU
	EndGlobalSection
	GlobalSection(ProjectConfigurationPlatforms) = postSolution
		{15FF2585-9C31-43A1-BF05-AA7606A1669B}.Debug|Any CPU.ActiveCfg = Debug|Any CPU
		{15FF2585-9C31-43A1-BF05-AA7606A1669B}.Debug|Any CPU.Build.0 = Debug|Any CPU
		{15FF2585-9C31-43A1-BF05-AA7606A1669B}.Release|Any CPU.ActiveCfg = Release|Any CPU
		{15FF2585-9C31-43A1-BF05-AA7606A1669B}.Release|Any CPU.Build.0 = Release|Any CPU
	EndGlobalSection
	GlobalSection(SolutionProperties) = preSolution
		HideSolutionNode = FALSE
	EndGlobalSection
	GlobalSection(ExtensibilityGlobals) = postSolution
		SolutionGuid = {1124A35E-478B-4E00-A101-2F44ED6AD98C}
	EndGlobalSection
EndGlobal
